// !$*UTF8*$!
{
	archiveVersion = 1;
	classes = {
	};
	objectVersion = 55;
	objects = {

/* Begin PBXBuildFile section */
		7EC9A2F82734271B00867293 /* 83395-addland-heatfav-v2.json in Resources */ = {isa = PBXBuildFile; fileRef = 7EC9A2F72734271B00867293 /* 83395-addland-heatfav-v2.json */; };
		7EF0C6FC273412CA00F815BF /* AppDelegate.swift in Sources */ = {isa = PBXBuildFile; fileRef = 7EF0C6FB273412CA00F815BF /* AppDelegate.swift */; };
		7EF0C6FE273412CA00F815BF /* SceneDelegate.swift in Sources */ = {isa = PBXBuildFile; fileRef = 7EF0C6FD273412CA00F815BF /* SceneDelegate.swift */; };
		7EF0C700273412CA00F815BF /* ViewController.swift in Sources */ = {isa = PBXBuildFile; fileRef = 7EF0C6FF273412CA00F815BF /* ViewController.swift */; };
		7EF0C703273412CA00F815BF /* Main.storyboard in Resources */ = {isa = PBXBuildFile; fileRef = 7EF0C701273412CA00F815BF /* Main.storyboard */; };
		7EF0C705273412CB00F815BF /* Assets.xcassets in Resources */ = {isa = PBXBuildFile; fileRef = 7EF0C704273412CB00F815BF /* Assets.xcassets */; };
		7EF0C708273412CB00F815BF /* LaunchScreen.storyboard in Resources */ = {isa = PBXBuildFile; fileRef = 7EF0C706273412CB00F815BF /* LaunchScreen.storyboard */; };
		7EF0C710273413DE00F815BF /* ActivityController.swift in Sources */ = {isa = PBXBuildFile; fileRef = 7EF0C70F273413DE00F815BF /* ActivityController.swift */; };
		7EF0C7122734141000F815BF /* LottieController.swift in Sources */ = {isa = PBXBuildFile; fileRef = 7EF0C7112734141000F815BF /* LottieController.swift */; };
		C1B3A53F4E595EF9DC29581D /* Pods_Week05_kde.framework in Frameworks */ = {isa = PBXBuildFile; fileRef = 5EB9970ECE3C1EA01D6484B0 /* Pods_Week05_kde.framework */; };
/* End PBXBuildFile section */

/* Begin PBXFileReference section */
		5EB9970ECE3C1EA01D6484B0 /* Pods_Week05_kde.framework */ = {isa = PBXFileReference; explicitFileType = wrapper.framework; includeInIndex = 0; path = Pods_Week05_kde.framework; sourceTree = BUILT_PRODUCTS_DIR; };
		71446C9A449D617F400B3586 /* Pods-Week05-kde.release.xcconfig */ = {isa = PBXFileReference; includeInIndex = 1; lastKnownFileType = text.xcconfig; name = "Pods-Week05-kde.release.xcconfig"; path = "Target Support Files/Pods-Week05-kde/Pods-Week05-kde.release.xcconfig"; sourceTree = "<group>"; };
		7EC9A2F72734271B00867293 /* 83395-addland-heatfav-v2.json */ = {isa = PBXFileReference; fileEncoding = 4; lastKnownFileType = text.json; name = "83395-addland-heatfav-v2.json"; path = "../../../../Downloads/83395-addland-heatfav-v2.json"; sourceTree = "<group>"; };
		7EF0C6F8273412CA00F815BF /* Week05-kde.app */ = {isa = PBXFileReference; explicitFileType = wrapper.application; includeInIndex = 0; path = "Week05-kde.app"; sourceTree = BUILT_PRODUCTS_DIR; };
		7EF0C6FB273412CA00F815BF /* AppDelegate.swift */ = {isa = PBXFileReference; lastKnownFileType = sourcecode.swift; path = AppDelegate.swift; sourceTree = "<group>"; };
		7EF0C6FD273412CA00F815BF /* SceneDelegate.swift */ = {isa = PBXFileReference; lastKnownFileType = sourcecode.swift; path = SceneDelegate.swift; sourceTree = "<group>"; };
		7EF0C6FF273412CA00F815BF /* ViewController.swift */ = {isa = PBXFileReference; lastKnownFileType = sourcecode.swift; path = ViewController.swift; sourceTree = "<group>"; };
		7EF0C702273412CA00F815BF /* Base */ = {isa = PBXFileReference; lastKnownFileType = file.storyboard; name = Base; path = Base.lproj/Main.storyboard; sourceTree = "<group>"; };
		7EF0C704273412CB00F815BF /* Assets.xcassets */ = {isa = PBXFileReference; lastKnownFileType = folder.assetcatalog; path = Assets.xcassets; sourceTree = "<group>"; };
		7EF0C707273412CB00F815BF /* Base */ = {isa = PBXFileReference; lastKnownFileType = file.storyboard; name = Base; path = Base.lproj/LaunchScreen.storyboard; sourceTree = "<group>"; };
		7EF0C709273412CB00F815BF /* Info.plist */ = {isa = PBXFileReference; lastKnownFileType = text.plist.xml; path = Info.plist; sourceTree = "<group>"; };
		7EF0C70F273413DE00F815BF /* ActivityController.swift */ = {isa = PBXFileReference; lastKnownFileType = sourcecode.swift; path = ActivityController.swift; sourceTree = "<group>"; };
		7EF0C7112734141000F815BF /* LottieController.swift */ = {isa = PBXFileReference; lastKnownFileType = sourcecode.swift; path = LottieController.swift; sourceTree = "<group>"; };
		F455649C9D6B9C6CE51113F8 /* Pods-Week05-kde.debug.xcconfig */ = {isa = PBXFileReference; includeInIndex = 1; lastKnownFileType = text.xcconfig; name = "Pods-Week05-kde.debug.xcconfig"; path = "Target Support Files/Pods-Week05-kde/Pods-Week05-kde.debug.xcconfig"; sourceTree = "<group>"; };
/* End PBXFileReference section */

/* Begin PBXFrameworksBuildPhase section */
		7EF0C6F5273412CA00F815BF /* Frameworks */ = {
			isa = PBXFrameworksBuildPhase;
			buildActionMask = 2147483647;
			files = (
				C1B3A53F4E595EF9DC29581D /* Pods_Week05_kde.framework in Frameworks */,
			);
			runOnlyForDeploymentPostprocessing = 0;
		};
/* End PBXFrameworksBuildPhase section */

/* Begin PBXGroup section */
		11C15463342A8BC623F84F70 /* Pods */ = {
			isa = PBXGroup;
			children = (
				F455649C9D6B9C6CE51113F8 /* Pods-Week05-kde.debug.xcconfig */,
				71446C9A449D617F400B3586 /* Pods-Week05-kde.release.xcconfig */,
			);
			name = Pods;
			path = Pods;
			sourceTree = "<group>";
		};
		7EF0C6EF273412CA00F815BF = {
			isa = PBXGroup;
			children = (
				7EF0C6FA273412CA00F815BF /* Week05-kde */,
				7EF0C6F9273412CA00F815BF /* Products */,
				11C15463342A8BC623F84F70 /* Pods */,
				C4B061E9CF073F882010A7FF /* Frameworks */,
			);
			sourceTree = "<group>";
		};
		7EF0C6F9273412CA00F815BF /* Products */ = {
			isa = PBXGroup;
			children = (
				7EF0C6F8273412CA00F815BF /* Week05-kde.app */,
			);
			name = Products;
			sourceTree = "<group>";
		};
		7EF0C6FA273412CA00F815BF /* Week05-kde */ = {
			isa = PBXGroup;
			children = (
				7EC9A2F72734271B00867293 /* 83395-addland-heatfav-v2.json */,
				7EF0C713273420D800F815BF /* ViewControllers */,
				7EF0C6FB273412CA00F815BF /* AppDelegate.swift */,
				7EF0C6FD273412CA00F815BF /* SceneDelegate.swift */,
				7EF0C6FF273412CA00F815BF /* ViewController.swift */,
				7EF0C701273412CA00F815BF /* Main.storyboard */,
				7EF0C70F273413DE00F815BF /* ActivityController.swift */,
				7EF0C704273412CB00F815BF /* Assets.xcassets */,
				7EF0C706273412CB00F815BF /* LaunchScreen.storyboard */,
				7EF0C709273412CB00F815BF /* Info.plist */,
			);
			path = "Week05-kde";
			sourceTree = "<group>";
		};
		7EF0C713273420D800F815BF /* ViewControllers */ = {
			isa = PBXGroup;
			children = (
				7EF0C7112734141000F815BF /* LottieController.swift */,
			);
			path = ViewControllers;
			sourceTree = "<group>";
		};
		C4B061E9CF073F882010A7FF /* Frameworks */ = {
			isa = PBXGroup;
			children = (
				5EB9970ECE3C1EA01D6484B0 /* Pods_Week05_kde.framework */,
			);
			name = Frameworks;
			sourceTree = "<group>";
		};
/* End PBXGroup section */

/* Begin PBXNativeTarget section */
		7EF0C6F7273412CA00F815BF /* Week05-kde */ = {
			isa = PBXNativeTarget;
			buildConfigurationList = 7EF0C70C273412CB00F815BF /* Build configuration list for PBXNativeTarget "Week05-kde" */;
			buildPhases = (
				0A91C05BD30C979AA3921C9E /* [CP] Check Pods Manifest.lock */,
				7EF0C6F4273412CA00F815BF /* Sources */,
				7EF0C6F5273412CA00F815BF /* Frameworks */,
				7EF0C6F6273412CA00F815BF /* Resources */,
				C4694946FB72F70C76D3DE81 /* [CP] Embed Pods Frameworks */,
			);
			buildRules = (
			);
			dependencies = (
			);
			name = "Week05-kde";
			productName = "Week05-kde";
			productReference = 7EF0C6F8273412CA00F815BF /* Week05-kde.app */;
			productType = "com.apple.product-type.application";
		};
/* End PBXNativeTarget section */

/* Begin PBXProject section */
		7EF0C6F0273412CA00F815BF /* Project object */ = {
			isa = PBXProject;
			attributes = {
				BuildIndependentTargetsInParallel = 1;
				LastSwiftUpdateCheck = 1310;
				LastUpgradeCheck = 1310;
				TargetAttributes = {
					7EF0C6F7273412CA00F815BF = {
						CreatedOnToolsVersion = 13.1;
					};
				};
			};
			buildConfigurationList = 7EF0C6F3273412CA00F815BF /* Build configuration list for PBXProject "Week05-kde" */;
			compatibilityVersion = "Xcode 13.0";
			developmentRegion = en;
			hasScannedForEncodings = 0;
			knownRegions = (
				en,
				Base,
			);
			mainGroup = 7EF0C6EF273412CA00F815BF;
			productRefGroup = 7EF0C6F9273412CA00F815BF /* Products */;
			projectDirPath = "";
			projectRoot = "";
			targets = (
				7EF0C6F7273412CA00F815BF /* Week05-kde */,
			);
		};
/* End PBXProject section */

/* Begin PBXResourcesBuildPhase section */
		7EF0C6F6273412CA00F815BF /* Resources */ = {
			isa = PBXResourcesBuildPhase;
			buildActionMask = 2147483647;
			files = (
				7EF0C708273412CB00F815BF /* LaunchScreen.storyboard in Resources */,
				7EF0C705273412CB00F815BF /* Assets.xcassets in Resources */,
				7EF0C703273412CA00F815BF /* Main.storyboard in Resources */,
				7EC9A2F82734271B00867293 /* 83395-addland-heatfav-v2.json in Resources */,
			);
			runOnlyForDeploymentPostprocessing = 0;
		};
/* End PBXResourcesBuildPhase section */

/* Begin PBXShellScriptBuildPhase section */
		0A91C05BD30C979AA3921C9E /* [CP] Check Pods Manifest.lock */ = {
			isa = PBXShellScriptBuildPhase;
			buildActionMask = 2147483647;
			files = (
			);
			inputFileListPaths = (
			);
			inputPaths = (
				"${PODS_PODFILE_DIR_PATH}/Podfile.lock",
				"${PODS_ROOT}/Manifest.lock",
			);
			name = "[CP] Check Pods Manifest.lock";
			outputFileListPaths = (
			);
			outputPaths = (
				"$(DERIVED_FILE_DIR)/Pods-Week05-kde-checkManifestLockResult.txt",
			);
			runOnlyForDeploymentPostprocessing = 0;
			shellPath = /bin/sh;
			shellScript = "diff \"${PODS_PODFILE_DIR_PATH}/Podfile.lock\" \"${PODS_ROOT}/Manifest.lock\" > /dev/null\nif [ $? != 0 ] ; then\n    # print error to STDERR\n    echo \"error: The sandbox is not in sync with the Podfile.lock. Run 'pod install' or update your CocoaPods installation.\" >&2\n    exit 1\nfi\n# This output is used by Xcode 'outputs' to avoid re-running this script phase.\necho \"SUCCESS\" > \"${SCRIPT_OUTPUT_FILE_0}\"\n";
			showEnvVarsInLog = 0;
		};
		C4694946FB72F70C76D3DE81 /* [CP] Embed Pods Frameworks */ = {
			isa = PBXShellScriptBuildPhase;
			buildActionMask = 2147483647;
			files = (
			);
			inputFileListPaths = (
				"${PODS_ROOT}/Target Support Files/Pods-Week05-kde/Pods-Week05-kde-frameworks-${CONFIGURATION}-input-files.xcfilelist",
			);
			name = "[CP] Embed Pods Frameworks";
			outputFileListPaths = (
				"${PODS_ROOT}/Target Support Files/Pods-Week05-kde/Pods-Week05-kde-frameworks-${CONFIGURATION}-output-files.xcfilelist",
			);
			runOnlyForDeploymentPostprocessing = 0;
			shellPath = /bin/sh;
			shellScript = "\"${PODS_ROOT}/Target Support Files/Pods-Week05-kde/Pods-Week05-kde-frameworks.sh\"\n";
			showEnvVarsInLog = 0;
		};
/* End PBXShellScriptBuildPhase section */

/* Begin PBXSourcesBuildPhase section */
		7EF0C6F4273412CA00F815BF /* Sources */ = {
			isa = PBXSourcesBuildPhase;
			buildActionMask = 2147483647;
			files = (
				7EF0C710273413DE00F815BF /* ActivityController.swift in Sources */,
				7EF0C700273412CA00F815BF /* ViewController.swift in Sources */,
				7EF0C6FC273412CA00F815BF /* AppDelegate.swift in Sources */,
				7EF0C7122734141000F815BF /* LottieController.swift in Sources */,
				7EF0C6FE273412CA00F815BF /* SceneDelegate.swift in Sources */,
			);
			runOnlyForDeploymentPostprocessing = 0;
		};
/* End PBXSourcesBuildPhase section */

/* Begin PBXVariantGroup section */
		7EF0C701273412CA00F815BF /* Main.storyboard */ = {
			isa = PBXVariantGroup;
			children = (
				7EF0C702273412CA00F815BF /* Base */,
			);
			name = Main.storyboard;
			sourceTree = "<group>";
		};
		7EF0C706273412CB00F815BF /* LaunchScreen.storyboard */ = {
			isa = PBXVariantGroup;
			children = (
				7EF0C707273412CB00F815BF /* Base */,
			);
			name = LaunchScreen.storyboard;
			sourceTree = "<group>";
		};
/* End PBXVariantGroup section */

/* Begin XCBuildConfiguration section */
		7EF0C70A273412CB00F815BF /* Debug */ = {
			isa = XCBuildConfiguration;
			buildSettings = {
				ALWAYS_SEARCH_USER_PATHS = NO;
				CLANG_ANALYZER_NONNULL = YES;
				CLANG_ANALYZER_NUMBER_OBJECT_CONVERSION = YES_AGGRESSIVE;
				CLANG_CXX_LANGUAGE_STANDARD = "gnu++17";
				CLANG_CXX_LIBRARY = "libc++";
				CLANG_ENABLE_MODULES = YES;
				CLANG_ENABLE_OBJC_ARC = YES;
				CLANG_ENABLE_OBJC_WEAK = YES;
				CLANG_WARN_BLOCK_CAPTURE_AUTORELEASING = YES;
				CLANG_WARN_BOOL_CONVERSION = YES;
				CLANG_WARN_COMMA = YES;
				CLANG_WARN_CONSTANT_CONVERSION = YES;
				CLANG_WARN_DEPRECATED_OBJC_IMPLEMENTATIONS = YES;
				CLANG_WARN_DIRECT_OBJC_ISA_USAGE = YES_ERROR;
				CLANG_WARN_DOCUMENTATION_COMMENTS = YES;
				CLANG_WARN_EMPTY_BODY = YES;
				CLANG_WARN_ENUM_CONVERSION = YES;
				CLANG_WARN_INFINITE_RECURSION = YES;
				CLANG_WARN_INT_CONVERSION = YES;
				CLANG_WARN_NON_LITERAL_NULL_CONVERSION = YES;
				CLANG_WARN_OBJC_IMPLICIT_RETAIN_SELF = YES;
				CLANG_WARN_OBJC_LITERAL_CONVERSION = YES;
				CLANG_WARN_OBJC_ROOT_CLASS = YES_ERROR;
				CLANG_WARN_QUOTED_INCLUDE_IN_FRAMEWORK_HEADER = YES;
				CLANG_WARN_RANGE_LOOP_ANALYSIS = YES;
				CLANG_WARN_STRICT_PROTOTYPES = YES;
				CLANG_WARN_SUSPICIOUS_MOVE = YES;
				CLANG_WARN_UNGUARDED_AVAILABILITY = YES_AGGRESSIVE;
				CLANG_WARN_UNREACHABLE_CODE = YES;
				CLANG_WARN__DUPLICATE_METHOD_MATCH = YES;
				COPY_PHASE_STRIP = NO;
				DEBUG_INFORMATION_FORMAT = dwarf;
				ENABLE_STRICT_OBJC_MSGSEND = YES;
				ENABLE_TESTABILITY = YES;
				GCC_C_LANGUAGE_STANDARD = gnu11;
				GCC_DYNAMIC_NO_PIC = NO;
				GCC_NO_COMMON_BLOCKS = YES;
				GCC_OPTIMIZATION_LEVEL = 0;
				GCC_PREPROCESSOR_DEFINITIONS = (
					"DEBUG=1",
					"$(inherited)",
				);
				GCC_WARN_64_TO_32_BIT_CONVERSION = YES;
				GCC_WARN_ABOUT_RETURN_TYPE = YES_ERROR;
				GCC_WARN_UNDECLARED_SELECTOR = YES;
				GCC_WARN_UNINITIALIZED_AUTOS = YES_AGGRESSIVE;
				GCC_WARN_UNUSED_FUNCTION = YES;
				GCC_WARN_UNUSED_VARIABLE = YES;
				IPHONEOS_DEPLOYMENT_TARGET = 15.0;
				MTL_ENABLE_DEBUG_INFO = INCLUDE_SOURCE;
				MTL_FAST_MATH = YES;
				ONLY_ACTIVE_ARCH = YES;
				SDKROOT = iphoneos;
				SWIFT_ACTIVE_COMPILATION_CONDITIONS = DEBUG;
				SWIFT_OPTIMIZATION_LEVEL = "-Onone";
			};
			name = Debug;
		};
		7EF0C70B273412CB00F815BF /* Release */ = {
			isa = XCBuildConfiguration;
			buildSettings = {
				ALWAYS_SEARCH_USER_PATHS = NO;
				CLANG_ANALYZER_NONNULL = YES;
				CLANG_ANALYZER_NUMBER_OBJECT_CONVERSION = YES_AGGRESSIVE;
				CLANG_CXX_LANGUAGE_STANDARD = "gnu++17";
				CLANG_CXX_LIBRARY = "libc++";
				CLANG_ENABLE_MODULES = YES;
				CLANG_ENABLE_OBJC_ARC = YES;
				CLANG_ENABLE_OBJC_WEAK = YES;
				CLANG_WARN_BLOCK_CAPTURE_AUTORELEASING = YES;
				CLANG_WARN_BOOL_CONVERSION = YES;
				CLANG_WARN_COMMA = YES;
				CLANG_WARN_CONSTANT_CONVERSION = YES;
				CLANG_WARN_DEPRECATED_OBJC_IMPLEMENTATIONS = YES;
				CLANG_WARN_DIRECT_OBJC_ISA_USAGE = YES_ERROR;
				CLANG_WARN_DOCUMENTATION_COMMENTS = YES;
				CLANG_WARN_EMPTY_BODY = YES;
				CLANG_WARN_ENUM_CONVERSION = YES;
				CLANG_WARN_INFINITE_RECURSION = YES;
				CLANG_WARN_INT_CONVERSION = YES;
				CLANG_WARN_NON_LITERAL_NULL_CONVERSION = YES;
				CLANG_WARN_OBJC_IMPLICIT_RETAIN_SELF = YES;
				CLANG_WARN_OBJC_LITERAL_CONVERSION = YES;
				CLANG_WARN_OBJC_ROOT_CLASS = YES_ERROR;
				CLANG_WARN_QUOTED_INCLUDE_IN_FRAMEWORK_HEADER = YES;
				CLANG_WARN_RANGE_LOOP_ANALYSIS = YES;
				CLANG_WARN_STRICT_PROTOTYPES = YES;
				CLANG_WARN_SUSPICIOUS_MOVE = YES;
				CLANG_WARN_UNGUARDED_AVAILABILITY = YES_AGGRESSIVE;
				CLANG_WARN_UNREACHABLE_CODE = YES;
				CLANG_WARN__DUPLICATE_METHOD_MATCH = YES;
				COPY_PHASE_STRIP = NO;
				DEBUG_INFORMATION_FORMAT = "dwarf-with-dsym";
				ENABLE_NS_ASSERTIONS = NO;
				ENABLE_STRICT_OBJC_MSGSEND = YES;
				GCC_C_LANGUAGE_STANDARD = gnu11;
				GCC_NO_COMMON_BLOCKS = YES;
				GCC_WARN_64_TO_32_BIT_CONVERSION = YES;
				GCC_WARN_ABOUT_RETURN_TYPE = YES_ERROR;
				GCC_WARN_UNDECLARED_SELECTOR = YES;
				GCC_WARN_UNINITIALIZED_AUTOS = YES_AGGRESSIVE;
				GCC_WARN_UNUSED_FUNCTION = YES;
				GCC_WARN_UNUSED_VARIABLE = YES;
				IPHONEOS_DEPLOYMENT_TARGET = 15.0;
				MTL_ENABLE_DEBUG_INFO = NO;
				MTL_FAST_MATH = YES;
				SDKROOT = iphoneos;
				SWIFT_COMPILATION_MODE = wholemodule;
				SWIFT_OPTIMIZATION_LEVEL = "-O";
				VALIDATE_PRODUCT = YES;
			};
			name = Release;
		};
		7EF0C70D273412CB00F815BF /* Debug */ = {
			isa = XCBuildConfiguration;
			baseConfigurationReference = F455649C9D6B9C6CE51113F8 /* Pods-Week05-kde.debug.xcconfig */;
			buildSettings = {
				ASSETCATALOG_COMPILER_APPICON_NAME = AppIcon;
				ASSETCATALOG_COMPILER_GLOBAL_ACCENT_COLOR_NAME = AccentColor;
				CODE_SIGN_STYLE = Automatic;
				CURRENT_PROJECT_VERSION = 1;
				DEVELOPMENT_TEAM = FLG797DV64;
				GENERATE_INFOPLIST_FILE = YES;
				INFOPLIST_FILE = "Week05-kde/Info.plist";
				INFOPLIST_KEY_UIApplicationSupportsIndirectInputEvents = YES;
				INFOPLIST_KEY_UILaunchStoryboardName = LaunchScreen;
				INFOPLIST_KEY_UIMainStoryboardFile = Main;
				INFOPLIST_KEY_UISupportedInterfaceOrientations_iPad = "UIInterfaceOrientationPortrait UIInterfaceOrientationPortraitUpsideDown UIInterfaceOrientationLandscapeLeft UIInterfaceOrientationLandscapeRight";
				INFOPLIST_KEY_UISupportedInterfaceOrientations_iPhone = "UIInterfaceOrientationPortrait UIInterfaceOrientationLandscapeLeft UIInterfaceOrientationLandscapeRight";
				LD_RUNPATH_SEARCH_PATHS = (
					"$(inherited)",
					"@executable_path/Frameworks",
				);
				MARKETING_VERSION = 1.0;
				PRODUCT_BUNDLE_IDENTIFIER = "doeun.Week05-kde";
				PRODUCT_NAME = "$(TARGET_NAME)";
				SWIFT_EMIT_LOC_STRINGS = YES;
				SWIFT_VERSION = 5.0;
				TARGETED_DEVICE_FAMILY = "1,2";
			};
			name = Debug;
		};
		7EF0C70E273412CB00F815BF /* Release */ = {
			isa = XCBuildConfiguration;
			baseConfigurationReference = 71446C9A449D617F400B3586 /* Pods-Week05-kde.release.xcconfig */;
			buildSettings = {
				ASSETCATALOG_COMPILER_APPICON_NAME = AppIcon;
				ASSETCATALOG_COMPILER_GLOBAL_ACCENT_COLOR_NAME = AccentColor;
				CODE_SIGN_STYLE = Automatic;
				CURRENT_PROJECT_VERSION = 1;
				DEVELOPMENT_TEAM = FLG797DV64;
				GENERATE_INFOPLIST_FILE = YES;
				INFOPLIST_FILE = "Week05-kde/Info.plist";
				INFOPLIST_KEY_UIApplicationSupportsIndirectInputEvents = YES;
				INFOPLIST_KEY_UILaunchStoryboardName = LaunchScreen;
				INFOPLIST_KEY_UIMainStoryboardFile = Main;
				INFOPLIST_KEY_UISupportedInterfaceOrientations_iPad = "UIInterfaceOrientationPortrait UIInterfaceOrientationPortraitUpsideDown UIInterfaceOrientationLandscapeLeft UIInterfaceOrientationLandscapeRight";
				INFOPLIST_KEY_UISupportedInterfaceOrientations_iPhone = "UIInterfaceOrientationPortrait UIInterfaceOrientationLandscapeLeft UIInterfaceOrientationLandscapeRight";
				LD_RUNPATH_SEARCH_PATHS = (
					"$(inherited)",
					"@executable_path/Frameworks",
				);
				MARKETING_VERSION = 1.0;
				PRODUCT_BUNDLE_IDENTIFIER = "doeun.Week05-kde";
				PRODUCT_NAME = "$(TARGET_NAME)";
				SWIFT_EMIT_LOC_STRINGS = YES;
				SWIFT_VERSION = 5.0;
				TARGETED_DEVICE_FAMILY = "1,2";
			};
			name = Release;
		};
/* End XCBuildConfiguration section */

/* Begin XCConfigurationList section */
		7EF0C6F3273412CA00F815BF /* Build configuration list for PBXProject "Week05-kde" */ = {
			isa = XCConfigurationList;
			buildConfigurations = (
				7EF0C70A273412CB00F815BF /* Debug */,
				7EF0C70B273412CB00F815BF /* Release */,
			);
			defaultConfigurationIsVisible = 0;
			defaultConfigurationName = Release;
		};
		7EF0C70C273412CB00F815BF /* Build configuration list for PBXNativeTarget "Week05-kde" */ = {
			isa = XCConfigurationList;
			buildConfigurations = (
				7EF0C70D273412CB00F815BF /* Debug */,
				7EF0C70E273412CB00F815BF /* Release */,
			);
			defaultConfigurationIsVisible = 0;
			defaultConfigurationName = Release;
		};
/* End XCConfigurationList section */
	};
	rootObject = 7EF0C6F0273412CA00F815BF /* Project object */;
}
