// !$*UTF8*$!
{
	archiveVersion = 1;
	classes = {
	};
	objectVersion = 50;
	objects = {

/* Begin PBXBuildFile section */
		7E5644882712E5C700E61C65 /* AppDelegate.swift in Sources */ = {isa = PBXBuildFile; fileRef = 7E5644872712E5C700E61C65 /* AppDelegate.swift */; };
		7E56448A2712E5C700E61C65 /* SceneDelegate.swift in Sources */ = {isa = PBXBuildFile; fileRef = 7E5644892712E5C700E61C65 /* SceneDelegate.swift */; };
		7E56448C2712E5C700E61C65 /* MyMainTabBarController.swift in Sources */ = {isa = PBXBuildFile; fileRef = 7E56448B2712E5C700E61C65 /* MyMainTabBarController.swift */; };
		7E56448F2712E5C700E61C65 /* Main.storyboard in Resources */ = {isa = PBXBuildFile; fileRef = 7E56448D2712E5C700E61C65 /* Main.storyboard */; };
		7E5644912712E5CB00E61C65 /* Assets.xcassets in Resources */ = {isa = PBXBuildFile; fileRef = 7E5644902712E5CB00E61C65 /* Assets.xcassets */; };
		7E5644942712E5CB00E61C65 /* LaunchScreen.storyboard in Resources */ = {isa = PBXBuildFile; fileRef = 7E5644922712E5CB00E61C65 /* LaunchScreen.storyboard */; };
		7E56449C271321AD00E61C65 /* cloud.jpeg in Resources */ = {isa = PBXBuildFile; fileRef = 7E56449B271321AD00E61C65 /* cloud.jpeg */; };
/* End PBXBuildFile section */

/* Begin PBXFileReference section */
		7E5644842712E5C700E61C65 /* Week02-kde.app */ = {isa = PBXFileReference; explicitFileType = wrapper.application; includeInIndex = 0; path = "Week02-kde.app"; sourceTree = BUILT_PRODUCTS_DIR; };
		7E5644872712E5C700E61C65 /* AppDelegate.swift */ = {isa = PBXFileReference; lastKnownFileType = sourcecode.swift; path = AppDelegate.swift; sourceTree = "<group>"; };
		7E5644892712E5C700E61C65 /* SceneDelegate.swift */ = {isa = PBXFileReference; lastKnownFileType = sourcecode.swift; path = SceneDelegate.swift; sourceTree = "<group>"; };
		7E56448B2712E5C700E61C65 /* MyMainTabBarController.swift */ = {isa = PBXFileReference; lastKnownFileType = sourcecode.swift; path = MyMainTabBarController.swift; sourceTree = "<group>"; };
		7E56448E2712E5C700E61C65 /* Base */ = {isa = PBXFileReference; lastKnownFileType = file.storyboard; name = Base; path = Base.lproj/Main.storyboard; sourceTree = "<group>"; };
		7E5644902712E5CB00E61C65 /* Assets.xcassets */ = {isa = PBXFileReference; lastKnownFileType = folder.assetcatalog; path = Assets.xcassets; sourceTree = "<group>"; };
		7E5644932712E5CB00E61C65 /* Base */ = {isa = PBXFileReference; lastKnownFileType = file.storyboard; name = Base; path = Base.lproj/LaunchScreen.storyboard; sourceTree = "<group>"; };
		7E5644952712E5CB00E61C65 /* Info.plist */ = {isa = PBXFileReference; lastKnownFileType = text.plist.xml; path = Info.plist; sourceTree = "<group>"; };
		7E56449B271321AD00E61C65 /* cloud.jpeg */ = {isa = PBXFileReference; lastKnownFileType = image.jpeg; name = cloud.jpeg; path = "../../../../../사진/cloud.jpeg"; sourceTree = "<group>"; };
/* End PBXFileReference section */

/* Begin PBXFrameworksBuildPhase section */
		7E5644812712E5C700E61C65 /* Frameworks */ = {
			isa = PBXFrameworksBuildPhase;
			buildActionMask = 2147483647;
			files = (
			);
			runOnlyForDeploymentPostprocessing = 0;
		};
/* End PBXFrameworksBuildPhase section */

/* Begin PBXGroup section */
		7E56447B2712E5C700E61C65 = {
			isa = PBXGroup;
			children = (
				7E5644862712E5C700E61C65 /* Week02-kde */,
				7E5644852712E5C700E61C65 /* Products */,
			);
			sourceTree = "<group>";
		};
		7E5644852712E5C700E61C65 /* Products */ = {
			isa = PBXGroup;
			children = (
				7E5644842712E5C700E61C65 /* Week02-kde.app */,
			);
			name = Products;
			sourceTree = "<group>";
		};
		7E5644862712E5C700E61C65 /* Week02-kde */ = {
			isa = PBXGroup;
			children = (
				7E56449B271321AD00E61C65 /* cloud.jpeg */,
				7E5644872712E5C700E61C65 /* AppDelegate.swift */,
				7E5644892712E5C700E61C65 /* SceneDelegate.swift */,
				7E56448B2712E5C700E61C65 /* MyMainTabBarController.swift */,
				7E56448D2712E5C700E61C65 /* Main.storyboard */,
				7E5644902712E5CB00E61C65 /* Assets.xcassets */,
				7E5644922712E5CB00E61C65 /* LaunchScreen.storyboard */,
				7E5644952712E5CB00E61C65 /* Info.plist */,
			);
			path = "Week02-kde";
			sourceTree = "<group>";
		};
/* End PBXGroup section */

/* Begin PBXNativeTarget section */
		7E5644832712E5C700E61C65 /* Week02-kde */ = {
			isa = PBXNativeTarget;
			buildConfigurationList = 7E5644982712E5CB00E61C65 /* Build configuration list for PBXNativeTarget "Week02-kde" */;
			buildPhases = (
				7E5644802712E5C700E61C65 /* Sources */,
				7E5644812712E5C700E61C65 /* Frameworks */,
				7E5644822712E5C700E61C65 /* Resources */,
			);
			buildRules = (
			);
			dependencies = (
			);
			name = "Week02-kde";
			productName = "Week02-kde";
			productReference = 7E5644842712E5C700E61C65 /* Week02-kde.app */;
			productType = "com.apple.product-type.application";
		};
/* End PBXNativeTarget section */

/* Begin PBXProject section */
		7E56447C2712E5C700E61C65 /* Project object */ = {
			isa = PBXProject;
			attributes = {
				LastSwiftUpdateCheck = 1250;
				LastUpgradeCheck = 1250;
				TargetAttributes = {
					7E5644832712E5C700E61C65 = {
						CreatedOnToolsVersion = 12.5.1;
					};
				};
			};
			buildConfigurationList = 7E56447F2712E5C700E61C65 /* Build configuration list for PBXProject "Week02-kde" */;
			compatibilityVersion = "Xcode 9.3";
			developmentRegion = en;
			hasScannedForEncodings = 0;
			knownRegions = (
				en,
				Base,
			);
			mainGroup = 7E56447B2712E5C700E61C65;
			productRefGroup = 7E5644852712E5C700E61C65 /* Products */;
			projectDirPath = "";
			projectRoot = "";
			targets = (
				7E5644832712E5C700E61C65 /* Week02-kde */,
			);
		};
/* End PBXProject section */

/* Begin PBXResourcesBuildPhase section */
		7E5644822712E5C700E61C65 /* Resources */ = {
			isa = PBXResourcesBuildPhase;
			buildActionMask = 2147483647;
			files = (
				7E5644942712E5CB00E61C65 /* LaunchScreen.storyboard in Resources */,
				7E56449C271321AD00E61C65 /* cloud.jpeg in Resources */,
				7E5644912712E5CB00E61C65 /* Assets.xcassets in Resources */,
				7E56448F2712E5C700E61C65 /* Main.storyboard in Resources */,
			);
			runOnlyForDeploymentPostprocessing = 0;
		};
/* End PBXResourcesBuildPhase section */

/* Begin PBXSourcesBuildPhase section */
		7E5644802712E5C700E61C65 /* Sources */ = {
			isa = PBXSourcesBuildPhase;
			buildActionMask = 2147483647;
			files = (
				7E56448C2712E5C700E61C65 /* MyMainTabBarController.swift in Sources */,
				7E5644882712E5C700E61C65 /* AppDelegate.swift in Sources */,
				7E56448A2712E5C700E61C65 /* SceneDelegate.swift in Sources */,
			);
			runOnlyForDeploymentPostprocessing = 0;
		};
/* End PBXSourcesBuildPhase section */

/* Begin PBXVariantGroup section */
		7E56448D2712E5C700E61C65 /* Main.storyboard */ = {
			isa = PBXVariantGroup;
			children = (
				7E56448E2712E5C700E61C65 /* Base */,
			);
			name = Main.storyboard;
			sourceTree = "<group>";
		};
		7E5644922712E5CB00E61C65 /* LaunchScreen.storyboard */ = {
			isa = PBXVariantGroup;
			children = (
				7E5644932712E5CB00E61C65 /* Base */,
			);
			name = LaunchScreen.storyboard;
			sourceTree = "<group>";
		};
/* End PBXVariantGroup section */

/* Begin XCBuildConfiguration section */
		7E5644962712E5CB00E61C65 /* Debug */ = {
			isa = XCBuildConfiguration;
			buildSettings = {
				ALWAYS_SEARCH_USER_PATHS = NO;
				CLANG_ANALYZER_NONNULL = YES;
				CLANG_ANALYZER_NUMBER_OBJECT_CONVERSION = YES_AGGRESSIVE;
				CLANG_CXX_LANGUAGE_STANDARD = "gnu++14";
				CLANG_CXX_LIBRARY = "libc++";
				CLANG_ENABLE_MODULES = YES;
				CLANG_ENABLE_OBJC_ARC = YES;
				CLANG_ENABLE_OBJC_WEAK = YES;
				CLANG_WARN_BLOCK_CAPTURE_AUTORELEASING = YES;
				CLANG_WARN_BOOL_CONVERSION = YES;
				CLANG_WARN_COMMA = YES;
				CLANG_WARN_CONSTANT_CONVERSION = YES;
				CLANG_WARN_DEPRECATED_OBJC_IMPLEMENTATIONS = YES;
				CLANG_WARN_DIRECT_OBJC_ISA_USAGE = YES_ERROR;
				CLANG_WARN_DOCUMENTATION_COMMENTS = YES;
				CLANG_WARN_EMPTY_BODY = YES;
				CLANG_WARN_ENUM_CONVERSION = YES;
				CLANG_WARN_INFINITE_RECURSION = YES;
				CLANG_WARN_INT_CONVERSION = YES;
				CLANG_WARN_NON_LITERAL_NULL_CONVERSION = YES;
				CLANG_WARN_OBJC_IMPLICIT_RETAIN_SELF = YES;
				CLANG_WARN_OBJC_LITERAL_CONVERSION = YES;
				CLANG_WARN_OBJC_ROOT_CLASS = YES_ERROR;
				CLANG_WARN_QUOTED_INCLUDE_IN_FRAMEWORK_HEADER = YES;
				CLANG_WARN_RANGE_LOOP_ANALYSIS = YES;
				CLANG_WARN_STRICT_PROTOTYPES = YES;
				CLANG_WARN_SUSPICIOUS_MOVE = YES;
				CLANG_WARN_UNGUARDED_AVAILABILITY = YES_AGGRESSIVE;
				CLANG_WARN_UNREACHABLE_CODE = YES;
				CLANG_WARN__DUPLICATE_METHOD_MATCH = YES;
				COPY_PHASE_STRIP = NO;
				DEBUG_INFORMATION_FORMAT = dwarf;
				ENABLE_STRICT_OBJC_MSGSEND = YES;
				ENABLE_TESTABILITY = YES;
				GCC_C_LANGUAGE_STANDARD = gnu11;
				GCC_DYNAMIC_NO_PIC = NO;
				GCC_NO_COMMON_BLOCKS = YES;
				GCC_OPTIMIZATION_LEVEL = 0;
				GCC_PREPROCESSOR_DEFINITIONS = (
					"DEBUG=1",
					"$(inherited)",
				);
				GCC_WARN_64_TO_32_BIT_CONVERSION = YES;
				GCC_WARN_ABOUT_RETURN_TYPE = YES_ERROR;
				GCC_WARN_UNDECLARED_SELECTOR = YES;
				GCC_WARN_UNINITIALIZED_AUTOS = YES_AGGRESSIVE;
				GCC_WARN_UNUSED_FUNCTION = YES;
				GCC_WARN_UNUSED_VARIABLE = YES;
				IPHONEOS_DEPLOYMENT_TARGET = 14.5;
				MTL_ENABLE_DEBUG_INFO = INCLUDE_SOURCE;
				MTL_FAST_MATH = YES;
				ONLY_ACTIVE_ARCH = YES;
				SDKROOT = iphoneos;
				SWIFT_ACTIVE_COMPILATION_CONDITIONS = DEBUG;
				SWIFT_OPTIMIZATION_LEVEL = "-Onone";
			};
			name = Debug;
		};
		7E5644972712E5CB00E61C65 /* Release */ = {
			isa = XCBuildConfiguration;
			buildSettings = {
				ALWAYS_SEARCH_USER_PATHS = NO;
				CLANG_ANALYZER_NONNULL = YES;
				CLANG_ANALYZER_NUMBER_OBJECT_CONVERSION = YES_AGGRESSIVE;
				CLANG_CXX_LANGUAGE_STANDARD = "gnu++14";
				CLANG_CXX_LIBRARY = "libc++";
				CLANG_ENABLE_MODULES = YES;
				CLANG_ENABLE_OBJC_ARC = YES;
				CLANG_ENABLE_OBJC_WEAK = YES;
				CLANG_WARN_BLOCK_CAPTURE_AUTORELEASING = YES;
				CLANG_WARN_BOOL_CONVERSION = YES;
				CLANG_WARN_COMMA = YES;
				CLANG_WARN_CONSTANT_CONVERSION = YES;
				CLANG_WARN_DEPRECATED_OBJC_IMPLEMENTATIONS = YES;
				CLANG_WARN_DIRECT_OBJC_ISA_USAGE = YES_ERROR;
				CLANG_WARN_DOCUMENTATION_COMMENTS = YES;
				CLANG_WARN_EMPTY_BODY = YES;
				CLANG_WARN_ENUM_CONVERSION = YES;
				CLANG_WARN_INFINITE_RECURSION = YES;
				CLANG_WARN_INT_CONVERSION = YES;
				CLANG_WARN_NON_LITERAL_NULL_CONVERSION = YES;
				CLANG_WARN_OBJC_IMPLICIT_RETAIN_SELF = YES;
				CLANG_WARN_OBJC_LITERAL_CONVERSION = YES;
				CLANG_WARN_OBJC_ROOT_CLASS = YES_ERROR;
				CLANG_WARN_QUOTED_INCLUDE_IN_FRAMEWORK_HEADER = YES;
				CLANG_WARN_RANGE_LOOP_ANALYSIS = YES;
				CLANG_WARN_STRICT_PROTOTYPES = YES;
				CLANG_WARN_SUSPICIOUS_MOVE = YES;
				CLANG_WARN_UNGUARDED_AVAILABILITY = YES_AGGRESSIVE;
				CLANG_WARN_UNREACHABLE_CODE = YES;
				CLANG_WARN__DUPLICATE_METHOD_MATCH = YES;
				COPY_PHASE_STRIP = NO;
				DEBUG_INFORMATION_FORMAT = "dwarf-with-dsym";
				ENABLE_NS_ASSERTIONS = NO;
				ENABLE_STRICT_OBJC_MSGSEND = YES;
				GCC_C_LANGUAGE_STANDARD = gnu11;
				GCC_NO_COMMON_BLOCKS = YES;
				GCC_WARN_64_TO_32_BIT_CONVERSION = YES;
				GCC_WARN_ABOUT_RETURN_TYPE = YES_ERROR;
				GCC_WARN_UNDECLARED_SELECTOR = YES;
				GCC_WARN_UNINITIALIZED_AUTOS = YES_AGGRESSIVE;
				GCC_WARN_UNUSED_FUNCTION = YES;
				GCC_WARN_UNUSED_VARIABLE = YES;
				IPHONEOS_DEPLOYMENT_TARGET = 14.5;
				MTL_ENABLE_DEBUG_INFO = NO;
				MTL_FAST_MATH = YES;
				SDKROOT = iphoneos;
				SWIFT_COMPILATION_MODE = wholemodule;
				SWIFT_OPTIMIZATION_LEVEL = "-O";
				VALIDATE_PRODUCT = YES;
			};
			name = Release;
		};
		7E5644992712E5CB00E61C65 /* Debug */ = {
			isa = XCBuildConfiguration;
			buildSettings = {
				ASSETCATALOG_COMPILER_APPICON_NAME = AppIcon;
				ASSETCATALOG_COMPILER_GLOBAL_ACCENT_COLOR_NAME = AccentColor;
				CODE_SIGN_STYLE = Automatic;
				INFOPLIST_FILE = "Week02-kde/Info.plist";
				LD_RUNPATH_SEARCH_PATHS = (
					"$(inherited)",
					"@executable_path/Frameworks",
				);
				PRODUCT_BUNDLE_IDENTIFIER = "doeun.Week02-kde";
				PRODUCT_NAME = "$(TARGET_NAME)";
				SWIFT_VERSION = 5.0;
				TARGETED_DEVICE_FAMILY = "1,2";
			};
			name = Debug;
		};
		7E56449A2712E5CB00E61C65 /* Release */ = {
			isa = XCBuildConfiguration;
			buildSettings = {
				ASSETCATALOG_COMPILER_APPICON_NAME = AppIcon;
				ASSETCATALOG_COMPILER_GLOBAL_ACCENT_COLOR_NAME = AccentColor;
				CODE_SIGN_STYLE = Automatic;
				INFOPLIST_FILE = "Week02-kde/Info.plist";
				LD_RUNPATH_SEARCH_PATHS = (
					"$(inherited)",
					"@executable_path/Frameworks",
				);
				PRODUCT_BUNDLE_IDENTIFIER = "doeun.Week02-kde";
				PRODUCT_NAME = "$(TARGET_NAME)";
				SWIFT_VERSION = 5.0;
				TARGETED_DEVICE_FAMILY = "1,2";
			};
			name = Release;
		};
/* End XCBuildConfiguration section */

/* Begin XCConfigurationList section */
		7E56447F2712E5C700E61C65 /* Build configuration list for PBXProject "Week02-kde" */ = {
			isa = XCConfigurationList;
			buildConfigurations = (
				7E5644962712E5CB00E61C65 /* Debug */,
				7E5644972712E5CB00E61C65 /* Release */,
			);
			defaultConfigurationIsVisible = 0;
			defaultConfigurationName = Release;
		};
		7E5644982712E5CB00E61C65 /* Build configuration list for PBXNativeTarget "Week02-kde" */ = {
			isa = XCConfigurationList;
			buildConfigurations = (
				7E5644992712E5CB00E61C65 /* Debug */,
				7E56449A2712E5CB00E61C65 /* Release */,
			);
			defaultConfigurationIsVisible = 0;
			defaultConfigurationName = Release;
		};
/* End XCConfigurationList section */
	};
	rootObject = 7E56447C2712E5C700E61C65 /* Project object */;
}
